
Microsoft Visual Studio Solution File, Format Version 12.00
# Visual Studio 15
VisualStudioVersion = 15.0.27703.2042
MinimumVisualStudioVersion = 10.0.40219.1
Project("{FAE04EC0-301F-11D3-BF4B-00C04F79EFBC}") = "eHairdresserSalonSolution.Android", "eHairdresserSalonSolution\eHairdresserSalonSolution.Android\eHairdresserSalonSolution.Android.csproj", "{84BD713E-8967-48C4-AE68-849D578FF870}"
EndProject
Project("{FAE04EC0-301F-11D3-BF4B-00C04F79EFBC}") = "eHairdresserSalonSolution.iOS", "eHairdresserSalonSolution\eHairdresserSalonSolution.iOS\eHairdresserSalonSolution.iOS.csproj", "{CCE642BA-63D5-408A-B3FE-4260B59C88B5}"
EndProject
Project("{FAE04EC0-301F-11D3-BF4B-00C04F79EFBC}") = "eHairdresserSalonSolution.UWP", "eHairdresserSalonSolution\eHairdresserSalonSolution.UWP\eHairdresserSalonSolution.UWP.csproj", "{57FCE500-9289-44E6-81D2-8EF6A9F8923B}"
EndProject
Project("{D954291E-2A0B-460D-934E-DC6B0785DB48}") = "eHairdresserSalonSolution", "eHairdresserSalonSolution\eHairdresserSalonSolution\eHairdresserSalonSolution.shproj", "{775D1F92-02AF-4041-88F9-4C58D6E8066B}"
EndProject
Project("{FAE04EC0-301F-11D3-BF4B-00C04F79EFBC}") = "eHairdresserSalon_PCL", "eHairdresserSalon_PCL\eHairdresserSalon_PCL.csproj", "{9EFDDA3A-9E8C-48D3-B51A-959D38218DFB}"
EndProject
Project("{FAE04EC0-301F-11D3-BF4B-00C04F79EFBC}") = "eHairdresserSalon_API", "..\Users\Naida Demirovic\Downloads\eHairdresserSalon-master\eHairdresserSalon_API\eHairdresserSalon_API.csproj", "{85A74EE7-C801-4D18-93E3-D69012C0C3B9}"
EndProject
Project("{FAE04EC0-301F-11D3-BF4B-00C04F79EFBC}") = "eHairdresserSalon_UI", "..\Users\Naida Demirovic\Downloads\eHairdresserSalon-master\eHairdresserSalon_UI\eHairdresserSalon_UI.csproj", "{2C19DE9B-0DCB-441C-A5B2-EEEF4A1774B6}"
EndProject
Global
	GlobalSection(SharedMSBuildProjectFiles) = preSolution
		eHairdresserSalonSolution\eHairdresserSalonSolution\eHairdresserSalonSolution.projitems*{57fce500-9289-44e6-81d2-8ef6a9f8923b}*SharedItemsImports = 4
		eHairdresserSalonSolution\eHairdresserSalonSolution\eHairdresserSalonSolution.projitems*{775d1f92-02af-4041-88f9-4c58d6e8066b}*SharedItemsImports = 13
		eHairdresserSalonSolution\eHairdresserSalonSolution\eHairdresserSalonSolution.projitems*{84bd713e-8967-48c4-ae68-849d578ff870}*SharedItemsImports = 4
		eHairdresserSalonSolution\eHairdresserSalonSolution\eHairdresserSalonSolution.projitems*{cce642ba-63d5-408a-b3fe-4260b59c88b5}*SharedItemsImports = 4
	EndGlobalSection
	GlobalSection(SolutionConfigurationPlatforms) = preSolution
		Ad-Hoc|Any CPU = Ad-Hoc|Any CPU
		Ad-Hoc|ARM = Ad-Hoc|ARM
		Ad-Hoc|iPhone = Ad-Hoc|iPhone
		Ad-Hoc|iPhoneSimulator = Ad-Hoc|iPhoneSimulator
		Ad-Hoc|x64 = Ad-Hoc|x64
		Ad-Hoc|x86 = Ad-Hoc|x86
		AppStore|Any CPU = AppStore|Any CPU
		AppStore|ARM = AppStore|ARM
		AppStore|iPhone = AppStore|iPhone
		AppStore|iPhoneSimulator = AppStore|iPhoneSimulator
		AppStore|x64 = AppStore|x64
		AppStore|x86 = AppStore|x86
		Debug|Any CPU = Debug|Any CPU
		Debug|ARM = Debug|ARM
		Debug|iPhone = Debug|iPhone
		Debug|iPhoneSimulator = Debug|iPhoneSimulator
		Debug|x64 = Debug|x64
		Debug|x86 = Debug|x86
		Release|Any CPU = Release|Any CPU
		Release|ARM = Release|ARM
		Release|iPhone = Release|iPhone
		Release|iPhoneSimulator = Release|iPhoneSimulator
		Release|x64 = Release|x64
		Release|x86 = Release|x86
	EndGlobalSection
	GlobalSection(ProjectConfigurationPlatforms) = postSolution
		{84BD713E-8967-48C4-AE68-849D578FF870}.Ad-Hoc|Any CPU.ActiveCfg = Release|Any CPU
		{84BD713E-8967-48C4-AE68-849D578FF870}.Ad-Hoc|Any CPU.Build.0 = Release|Any CPU
		{84BD713E-8967-48C4-AE68-849D578FF870}.Ad-Hoc|Any CPU.Deploy.0 = Release|Any CPU
		{84BD713E-8967-48C4-AE68-849D578FF870}.Ad-Hoc|ARM.ActiveCfg = Release|Any CPU
		{84BD713E-8967-48C4-AE68-849D578FF870}.Ad-Hoc|ARM.Build.0 = Release|Any CPU
		{84BD713E-8967-48C4-AE68-849D578FF870}.Ad-Hoc|ARM.Deploy.0 = Release|Any CPU
		{84BD713E-8967-48C4-AE68-849D578FF870}.Ad-Hoc|iPhone.ActiveCfg = Release|Any CPU
		{84BD713E-8967-48C4-AE68-849D578FF870}.Ad-Hoc|iPhone.Build.0 = Release|Any CPU
		{84BD713E-8967-48C4-AE68-849D578FF870}.Ad-Hoc|iPhone.Deploy.0 = Release|Any CPU
		{84BD713E-8967-48C4-AE68-849D578FF870}.Ad-Hoc|iPhoneSimulator.ActiveCfg = Release|Any CPU
		{84BD713E-8967-48C4-AE68-849D578FF870}.Ad-Hoc|iPhoneSimulator.Build.0 = Release|Any CPU
		{84BD713E-8967-48C4-AE68-849D578FF870}.Ad-Hoc|iPhoneSimulator.Deploy.0 = Release|Any CPU
		{84BD713E-8967-48C4-AE68-849D578FF870}.Ad-Hoc|x64.ActiveCfg = Release|Any CPU
		{84BD713E-8967-48C4-AE68-849D578FF870}.Ad-Hoc|x64.Build.0 = Release|Any CPU
		{84BD713E-8967-48C4-AE68-849D578FF870}.Ad-Hoc|x64.Deploy.0 = Release|Any CPU
		{84BD713E-8967-48C4-AE68-849D578FF870}.Ad-Hoc|x86.ActiveCfg = Release|Any CPU
		{84BD713E-8967-48C4-AE68-849D578FF870}.Ad-Hoc|x86.Build.0 = Release|Any CPU
		{84BD713E-8967-48C4-AE68-849D578FF870}.Ad-Hoc|x86.Deploy.0 = Release|Any CPU
		{84BD713E-8967-48C4-AE68-849D578FF870}.AppStore|Any CPU.ActiveCfg = Release|Any CPU
		{84BD713E-8967-48C4-AE68-849D578FF870}.AppStore|Any CPU.Build.0 = Release|Any CPU
		{84BD713E-8967-48C4-AE68-849D578FF870}.AppStore|Any CPU.Deploy.0 = Release|Any CPU
		{84BD713E-8967-48C4-AE68-849D578FF870}.AppStore|ARM.ActiveCfg = Release|Any CPU
		{84BD713E-8967-48C4-AE68-849D578FF870}.AppStore|ARM.Build.0 = Release|Any CPU
		{84BD713E-8967-48C4-AE68-849D578FF870}.AppStore|ARM.Deploy.0 = Release|Any CPU
		{84BD713E-8967-48C4-AE68-849D578FF870}.AppStore|iPhone.ActiveCfg = Release|Any CPU
		{84BD713E-8967-48C4-AE68-849D578FF870}.AppStore|iPhone.Build.0 = Release|Any CPU
		{84BD713E-8967-48C4-AE68-849D578FF870}.AppStore|iPhone.Deploy.0 = Release|Any CPU
		{84BD713E-8967-48C4-AE68-849D578FF870}.AppStore|iPhoneSimulator.ActiveCfg = Release|Any CPU
		{84BD713E-8967-48C4-AE68-849D578FF870}.AppStore|iPhoneSimulator.Build.0 = Release|Any CPU
		{84BD713E-8967-48C4-AE68-849D578FF870}.AppStore|iPhoneSimulator.Deploy.0 = Release|Any CPU
		{84BD713E-8967-48C4-AE68-849D578FF870}.AppStore|x64.ActiveCfg = Release|Any CPU
		{84BD713E-8967-48C4-AE68-849D578FF870}.AppStore|x64.Build.0 = Release|Any CPU
		{84BD713E-8967-48C4-AE68-849D578FF870}.AppStore|x64.Deploy.0 = Release|Any CPU
		{84BD713E-8967-48C4-AE68-849D578FF870}.AppStore|x86.ActiveCfg = Release|Any CPU
		{84BD713E-8967-48C4-AE68-849D578FF870}.AppStore|x86.Build.0 = Release|Any CPU
		{84BD713E-8967-48C4-AE68-849D578FF870}.AppStore|x86.Deploy.0 = Release|Any CPU
		{84BD713E-8967-48C4-AE68-849D578FF870}.Debug|Any CPU.ActiveCfg = Debug|Any CPU
		{84BD713E-8967-48C4-AE68-849D578FF870}.Debug|Any CPU.Build.0 = Debug|Any CPU
		{84BD713E-8967-48C4-AE68-849D578FF870}.Debug|Any CPU.Deploy.0 = Debug|Any CPU
		{84BD713E-8967-48C4-AE68-849D578FF870}.Debug|ARM.ActiveCfg = Debug|Any CPU
		{84BD713E-8967-48C4-AE68-849D578FF870}.Debug|ARM.Build.0 = Debug|Any CPU
		{84BD713E-8967-48C4-AE68-849D578FF870}.Debug|ARM.Deploy.0 = Debug|Any CPU
		{84BD713E-8967-48C4-AE68-849D578FF870}.Debug|iPhone.ActiveCfg = Debug|Any CPU
		{84BD713E-8967-48C4-AE68-849D578FF870}.Debug|iPhone.Build.0 = Debug|Any CPU
		{84BD713E-8967-48C4-AE68-849D578FF870}.Debug|iPhone.Deploy.0 = Debug|Any CPU
		{84BD713E-8967-48C4-AE68-849D578FF870}.Debug|iPhoneSimulator.ActiveCfg = Debug|Any CPU
		{84BD713E-8967-48C4-AE68-849D578FF870}.Debug|iPhoneSimulator.Build.0 = Debug|Any CPU
		{84BD713E-8967-48C4-AE68-849D578FF870}.Debug|iPhoneSimulator.Deploy.0 = Debug|Any CPU
		{84BD713E-8967-48C4-AE68-849D578FF870}.Debug|x64.ActiveCfg = Debug|Any CPU
		{84BD713E-8967-48C4-AE68-849D578FF870}.Debug|x64.Build.0 = Debug|Any CPU
		{84BD713E-8967-48C4-AE68-849D578FF870}.Debug|x64.Deploy.0 = Debug|Any CPU
		{84BD713E-8967-48C4-AE68-849D578FF870}.Debug|x86.ActiveCfg = Debug|Any CPU
		{84BD713E-8967-48C4-AE68-849D578FF870}.Debug|x86.Build.0 = Debug|Any CPU
		{84BD713E-8967-48C4-AE68-849D578FF870}.Debug|x86.Deploy.0 = Debug|Any CPU
		{84BD713E-8967-48C4-AE68-849D578FF870}.Release|Any CPU.ActiveCfg = Release|Any CPU
		{84BD713E-8967-48C4-AE68-849D578FF870}.Release|Any CPU.Build.0 = Release|Any CPU
		{84BD713E-8967-48C4-AE68-849D578FF870}.Release|Any CPU.Deploy.0 = Release|Any CPU
		{84BD713E-8967-48C4-AE68-849D578FF870}.Release|ARM.ActiveCfg = Release|Any CPU
		{84BD713E-8967-48C4-AE68-849D578FF870}.Release|ARM.Build.0 = Release|Any CPU
		{84BD713E-8967-48C4-AE68-849D578FF870}.Release|ARM.Deploy.0 = Release|Any CPU
		{84BD713E-8967-48C4-AE68-849D578FF870}.Release|iPhone.ActiveCfg = Release|Any CPU
		{84BD713E-8967-48C4-AE68-849D578FF870}.Release|iPhone.Build.0 = Release|Any CPU
		{84BD713E-8967-48C4-AE68-849D578FF870}.Release|iPhone.Deploy.0 = Release|Any CPU
		{84BD713E-8967-48C4-AE68-849D578FF870}.Release|iPhoneSimulator.ActiveCfg = Release|Any CPU
		{84BD713E-8967-48C4-AE68-849D578FF870}.Release|iPhoneSimulator.Build.0 = Release|Any CPU
		{84BD713E-8967-48C4-AE68-849D578FF870}.Release|iPhoneSimulator.Deploy.0 = Release|Any CPU
		{84BD713E-8967-48C4-AE68-849D578FF870}.Release|x64.ActiveCfg = Release|Any CPU
		{84BD713E-8967-48C4-AE68-849D578FF870}.Release|x64.Build.0 = Release|Any CPU
		{84BD713E-8967-48C4-AE68-849D578FF870}.Release|x64.Deploy.0 = Release|Any CPU
		{84BD713E-8967-48C4-AE68-849D578FF870}.Release|x86.ActiveCfg = Release|Any CPU
		{84BD713E-8967-48C4-AE68-849D578FF870}.Release|x86.Build.0 = Release|Any CPU
		{84BD713E-8967-48C4-AE68-849D578FF870}.Release|x86.Deploy.0 = Release|Any CPU
		{CCE642BA-63D5-408A-B3FE-4260B59C88B5}.Ad-Hoc|Any CPU.ActiveCfg = Ad-Hoc|iPhone
		{CCE642BA-63D5-408A-B3FE-4260B59C88B5}.Ad-Hoc|Any CPU.Build.0 = Ad-Hoc|iPhone
		{CCE642BA-63D5-408A-B3FE-4260B59C88B5}.Ad-Hoc|Any CPU.Deploy.0 = Ad-Hoc|iPhone
		{CCE642BA-63D5-408A-B3FE-4260B59C88B5}.Ad-Hoc|ARM.ActiveCfg = Ad-Hoc|iPhone
		{CCE642BA-63D5-408A-B3FE-4260B59C88B5}.Ad-Hoc|ARM.Build.0 = Ad-Hoc|iPhone
		{CCE642BA-63D5-408A-B3FE-4260B59C88B5}.Ad-Hoc|ARM.Deploy.0 = Ad-Hoc|iPhone
		{CCE642BA-63D5-408A-B3FE-4260B59C88B5}.Ad-Hoc|iPhone.ActiveCfg = Ad-Hoc|iPhone
		{CCE642BA-63D5-408A-B3FE-4260B59C88B5}.Ad-Hoc|iPhone.Build.0 = Ad-Hoc|iPhone
		{CCE642BA-63D5-408A-B3FE-4260B59C88B5}.Ad-Hoc|iPhone.Deploy.0 = Ad-Hoc|iPhone
		{CCE642BA-63D5-408A-B3FE-4260B59C88B5}.Ad-Hoc|iPhoneSimulator.ActiveCfg = Ad-Hoc|iPhoneSimulator
		{CCE642BA-63D5-408A-B3FE-4260B59C88B5}.Ad-Hoc|iPhoneSimulator.Build.0 = Ad-Hoc|iPhoneSimulator
		{CCE642BA-63D5-408A-B3FE-4260B59C88B5}.Ad-Hoc|iPhoneSimulator.Deploy.0 = Ad-Hoc|iPhoneSimulator
		{CCE642BA-63D5-408A-B3FE-4260B59C88B5}.Ad-Hoc|x64.ActiveCfg = Ad-Hoc|iPhone
		{CCE642BA-63D5-408A-B3FE-4260B59C88B5}.Ad-Hoc|x64.Build.0 = Ad-Hoc|iPhone
		{CCE642BA-63D5-408A-B3FE-4260B59C88B5}.Ad-Hoc|x64.Deploy.0 = Ad-Hoc|iPhone
		{CCE642BA-63D5-408A-B3FE-4260B59C88B5}.Ad-Hoc|x86.ActiveCfg = Ad-Hoc|iPhone
		{CCE642BA-63D5-408A-B3FE-4260B59C88B5}.Ad-Hoc|x86.Build.0 = Ad-Hoc|iPhone
		{CCE642BA-63D5-408A-B3FE-4260B59C88B5}.Ad-Hoc|x86.Deploy.0 = Ad-Hoc|iPhone
		{CCE642BA-63D5-408A-B3FE-4260B59C88B5}.AppStore|Any CPU.ActiveCfg = AppStore|iPhone
		{CCE642BA-63D5-408A-B3FE-4260B59C88B5}.AppStore|Any CPU.Build.0 = AppStore|iPhone
		{CCE642BA-63D5-408A-B3FE-4260B59C88B5}.AppStore|Any CPU.Deploy.0 = AppStore|iPhone
		{CCE642BA-63D5-408A-B3FE-4260B59C88B5}.AppStore|ARM.ActiveCfg = AppStore|iPhone
		{CCE642BA-63D5-408A-B3FE-4260B59C88B5}.AppStore|ARM.Build.0 = AppStore|iPhone
		{CCE642BA-63D5-408A-B3FE-4260B59C88B5}.AppStore|ARM.Deploy.0 = AppStore|iPhone
		{CCE642BA-63D5-408A-B3FE-4260B59C88B5}.AppStore|iPhone.ActiveCfg = AppStore|iPhone
		{CCE642BA-63D5-408A-B3FE-4260B59C88B5}.AppStore|iPhone.Build.0 = AppStore|iPhone
		{CCE642BA-63D5-408A-B3FE-4260B59C88B5}.AppStore|iPhone.Deploy.0 = AppStore|iPhone
		{CCE642BA-63D5-408A-B3FE-4260B59C88B5}.AppStore|iPhoneSimulator.ActiveCfg = AppStore|iPhoneSimulator
		{CCE642BA-63D5-408A-B3FE-4260B59C88B5}.AppStore|iPhoneSimulator.Build.0 = AppStore|iPhoneSimulator
		{CCE642BA-63D5-408A-B3FE-4260B59C88B5}.AppStore|iPhoneSimulator.Deploy.0 = AppStore|iPhoneSimulator
		{CCE642BA-63D5-408A-B3FE-4260B59C88B5}.AppStore|x64.ActiveCfg = AppStore|iPhone
		{CCE642BA-63D5-408A-B3FE-4260B59C88B5}.AppStore|x64.Build.0 = AppStore|iPhone
		{CCE642BA-63D5-408A-B3FE-4260B59C88B5}.AppStore|x64.Deploy.0 = AppStore|iPhone
		{CCE642BA-63D5-408A-B3FE-4260B59C88B5}.AppStore|x86.ActiveCfg = AppStore|iPhone
		{CCE642BA-63D5-408A-B3FE-4260B59C88B5}.AppStore|x86.Build.0 = AppStore|iPhone
		{CCE642BA-63D5-408A-B3FE-4260B59C88B5}.AppStore|x86.Deploy.0 = AppStore|iPhone
		{CCE642BA-63D5-408A-B3FE-4260B59C88B5}.Debug|Any CPU.ActiveCfg = Debug|iPhoneSimulator
		{CCE642BA-63D5-408A-B3FE-4260B59C88B5}.Debug|Any CPU.Build.0 = Debug|iPhoneSimulator
		{CCE642BA-63D5-408A-B3FE-4260B59C88B5}.Debug|Any CPU.Deploy.0 = Debug|iPhoneSimulator
		{CCE642BA-63D5-408A-B3FE-4260B59C88B5}.Debug|ARM.ActiveCfg = Debug|iPhone
		{CCE642BA-63D5-408A-B3FE-4260B59C88B5}.Debug|ARM.Build.0 = Debug|iPhone
		{CCE642BA-63D5-408A-B3FE-4260B59C88B5}.Debug|ARM.Deploy.0 = Debug|iPhone
		{CCE642BA-63D5-408A-B3FE-4260B59C88B5}.Debug|iPhone.ActiveCfg = Debug|iPhone
		{CCE642BA-63D5-408A-B3FE-4260B59C88B5}.Debug|iPhone.Build.0 = Debug|iPhone
		{CCE642BA-63D5-408A-B3FE-4260B59C88B5}.Debug|iPhone.Deploy.0 = Debug|iPhone
		{CCE642BA-63D5-408A-B3FE-4260B59C88B5}.Debug|iPhoneSimulator.ActiveCfg = Debug|iPhoneSimulator
		{CCE642BA-63D5-408A-B3FE-4260B59C88B5}.Debug|iPhoneSimulator.Build.0 = Debug|iPhoneSimulator
		{CCE642BA-63D5-408A-B3FE-4260B59C88B5}.Debug|iPhoneSimulator.Deploy.0 = Debug|iPhoneSimulator
		{CCE642BA-63D5-408A-B3FE-4260B59C88B5}.Debug|x64.ActiveCfg = Debug|iPhone
		{CCE642BA-63D5-408A-B3FE-4260B59C88B5}.Debug|x64.Build.0 = Debug|iPhone
		{CCE642BA-63D5-408A-B3FE-4260B59C88B5}.Debug|x64.Deploy.0 = Debug|iPhone
		{CCE642BA-63D5-408A-B3FE-4260B59C88B5}.Debug|x86.ActiveCfg = Debug|iPhone
		{CCE642BA-63D5-408A-B3FE-4260B59C88B5}.Debug|x86.Build.0 = Debug|iPhone
		{CCE642BA-63D5-408A-B3FE-4260B59C88B5}.Debug|x86.Deploy.0 = Debug|iPhone
		{CCE642BA-63D5-408A-B3FE-4260B59C88B5}.Release|Any CPU.ActiveCfg = Release|iPhone
		{CCE642BA-63D5-408A-B3FE-4260B59C88B5}.Release|Any CPU.Build.0 = Release|iPhone
		{CCE642BA-63D5-408A-B3FE-4260B59C88B5}.Release|Any CPU.Deploy.0 = Release|iPhone
		{CCE642BA-63D5-408A-B3FE-4260B59C88B5}.Release|ARM.ActiveCfg = Release|iPhone
		{CCE642BA-63D5-408A-B3FE-4260B59C88B5}.Release|ARM.Build.0 = Release|iPhone
		{CCE642BA-63D5-408A-B3FE-4260B59C88B5}.Release|ARM.Deploy.0 = Release|iPhone
		{CCE642BA-63D5-408A-B3FE-4260B59C88B5}.Release|iPhone.ActiveCfg = Release|iPhone
		{CCE642BA-63D5-408A-B3FE-4260B59C88B5}.Release|iPhone.Build.0 = Release|iPhone
		{CCE642BA-63D5-408A-B3FE-4260B59C88B5}.Release|iPhone.Deploy.0 = Release|iPhone
		{CCE642BA-63D5-408A-B3FE-4260B59C88B5}.Release|iPhoneSimulator.ActiveCfg = Release|iPhoneSimulator
		{CCE642BA-63D5-408A-B3FE-4260B59C88B5}.Release|iPhoneSimulator.Build.0 = Release|iPhoneSimulator
		{CCE642BA-63D5-408A-B3FE-4260B59C88B5}.Release|iPhoneSimulator.Deploy.0 = Release|iPhoneSimulator
		{CCE642BA-63D5-408A-B3FE-4260B59C88B5}.Release|x64.ActiveCfg = Release|iPhone
		{CCE642BA-63D5-408A-B3FE-4260B59C88B5}.Release|x64.Build.0 = Release|iPhone
		{CCE642BA-63D5-408A-B3FE-4260B59C88B5}.Release|x64.Deploy.0 = Release|iPhone
		{CCE642BA-63D5-408A-B3FE-4260B59C88B5}.Release|x86.ActiveCfg = Release|iPhone
		{CCE642BA-63D5-408A-B3FE-4260B59C88B5}.Release|x86.Build.0 = Release|iPhone
		{CCE642BA-63D5-408A-B3FE-4260B59C88B5}.Release|x86.Deploy.0 = Release|iPhone
		{57FCE500-9289-44E6-81D2-8EF6A9F8923B}.Ad-Hoc|Any CPU.ActiveCfg = Release|x86
		{57FCE500-9289-44E6-81D2-8EF6A9F8923B}.Ad-Hoc|Any CPU.Build.0 = Release|x86
		{57FCE500-9289-44E6-81D2-8EF6A9F8923B}.Ad-Hoc|Any CPU.Deploy.0 = Release|x86
		{57FCE500-9289-44E6-81D2-8EF6A9F8923B}.Ad-Hoc|ARM.ActiveCfg = Release|ARM
		{57FCE500-9289-44E6-81D2-8EF6A9F8923B}.Ad-Hoc|ARM.Build.0 = Release|ARM
		{57FCE500-9289-44E6-81D2-8EF6A9F8923B}.Ad-Hoc|ARM.Deploy.0 = Release|ARM
		{57FCE500-9289-44E6-81D2-8EF6A9F8923B}.Ad-Hoc|iPhone.ActiveCfg = Release|x86
		{57FCE500-9289-44E6-81D2-8EF6A9F8923B}.Ad-Hoc|iPhone.Build.0 = Release|x86
		{57FCE500-9289-44E6-81D2-8EF6A9F8923B}.Ad-Hoc|iPhone.Deploy.0 = Release|x86
		{57FCE500-9289-44E6-81D2-8EF6A9F8923B}.Ad-Hoc|iPhoneSimulator.ActiveCfg = Release|x86
		{57FCE500-9289-44E6-81D2-8EF6A9F8923B}.Ad-Hoc|iPhoneSimulator.Build.0 = Release|x86
		{57FCE500-9289-44E6-81D2-8EF6A9F8923B}.Ad-Hoc|iPhoneSimulator.Deploy.0 = Release|x86
		{57FCE500-9289-44E6-81D2-8EF6A9F8923B}.Ad-Hoc|x64.ActiveCfg = Release|x64
		{57FCE500-9289-44E6-81D2-8EF6A9F8923B}.Ad-Hoc|x64.Build.0 = Release|x64
		{57FCE500-9289-44E6-81D2-8EF6A9F8923B}.Ad-Hoc|x64.Deploy.0 = Release|x64
		{57FCE500-9289-44E6-81D2-8EF6A9F8923B}.Ad-Hoc|x86.ActiveCfg = Release|x86
		{57FCE500-9289-44E6-81D2-8EF6A9F8923B}.Ad-Hoc|x86.Build.0 = Release|x86
		{57FCE500-9289-44E6-81D2-8EF6A9F8923B}.Ad-Hoc|x86.Deploy.0 = Release|x86
		{57FCE500-9289-44E6-81D2-8EF6A9F8923B}.AppStore|Any CPU.ActiveCfg = Release|x86
		{57FCE500-9289-44E6-81D2-8EF6A9F8923B}.AppStore|Any CPU.Build.0 = Release|x86
		{57FCE500-9289-44E6-81D2-8EF6A9F8923B}.AppStore|Any CPU.Deploy.0 = Release|x86
		{57FCE500-9289-44E6-81D2-8EF6A9F8923B}.AppStore|ARM.ActiveCfg = Release|ARM
		{57FCE500-9289-44E6-81D2-8EF6A9F8923B}.AppStore|ARM.Build.0 = Release|ARM
		{57FCE500-9289-44E6-81D2-8EF6A9F8923B}.AppStore|ARM.Deploy.0 = Release|ARM
		{57FCE500-9289-44E6-81D2-8EF6A9F8923B}.AppStore|iPhone.ActiveCfg = Release|x86
		{57FCE500-9289-44E6-81D2-8EF6A9F8923B}.AppStore|iPhone.Build.0 = Release|x86
		{57FCE500-9289-44E6-81D2-8EF6A9F8923B}.AppStore|iPhone.Deploy.0 = Release|x86
		{57FCE500-9289-44E6-81D2-8EF6A9F8923B}.AppStore|iPhoneSimulator.ActiveCfg = Release|x86
		{57FCE500-9289-44E6-81D2-8EF6A9F8923B}.AppStore|iPhoneSimulator.Build.0 = Release|x86
		{57FCE500-9289-44E6-81D2-8EF6A9F8923B}.AppStore|iPhoneSimulator.Deploy.0 = Release|x86
		{57FCE500-9289-44E6-81D2-8EF6A9F8923B}.AppStore|x64.ActiveCfg = Release|x64
		{57FCE500-9289-44E6-81D2-8EF6A9F8923B}.AppStore|x64.Build.0 = Release|x64
		{57FCE500-9289-44E6-81D2-8EF6A9F8923B}.AppStore|x64.Deploy.0 = Release|x64
		{57FCE500-9289-44E6-81D2-8EF6A9F8923B}.AppStore|x86.ActiveCfg = Release|x86
		{57FCE500-9289-44E6-81D2-8EF6A9F8923B}.AppStore|x86.Build.0 = Release|x86
		{57FCE500-9289-44E6-81D2-8EF6A9F8923B}.AppStore|x86.Deploy.0 = Release|x86
		{57FCE500-9289-44E6-81D2-8EF6A9F8923B}.Debug|Any CPU.ActiveCfg = Debug|x86
		{57FCE500-9289-44E6-81D2-8EF6A9F8923B}.Debug|Any CPU.Build.0 = Debug|x86
		{57FCE500-9289-44E6-81D2-8EF6A9F8923B}.Debug|Any CPU.Deploy.0 = Debug|x86
		{57FCE500-9289-44E6-81D2-8EF6A9F8923B}.Debug|ARM.ActiveCfg = Debug|ARM
		{57FCE500-9289-44E6-81D2-8EF6A9F8923B}.Debug|ARM.Build.0 = Debug|ARM
		{57FCE500-9289-44E6-81D2-8EF6A9F8923B}.Debug|ARM.Deploy.0 = Debug|ARM
		{57FCE500-9289-44E6-81D2-8EF6A9F8923B}.Debug|iPhone.ActiveCfg = Debug|x86
		{57FCE500-9289-44E6-81D2-8EF6A9F8923B}.Debug|iPhone.Build.0 = Debug|x86
		{57FCE500-9289-44E6-81D2-8EF6A9F8923B}.Debug|iPhone.Deploy.0 = Debug|x86
		{57FCE500-9289-44E6-81D2-8EF6A9F8923B}.Debug|iPhoneSimulator.ActiveCfg = Debug|x86
		{57FCE500-9289-44E6-81D2-8EF6A9F8923B}.Debug|iPhoneSimulator.Build.0 = Debug|x86
		{57FCE500-9289-44E6-81D2-8EF6A9F8923B}.Debug|iPhoneSimulator.Deploy.0 = Debug|x86
		{57FCE500-9289-44E6-81D2-8EF6A9F8923B}.Debug|x64.ActiveCfg = Debug|x64
		{57FCE500-9289-44E6-81D2-8EF6A9F8923B}.Debug|x64.Build.0 = Debug|x64
		{57FCE500-9289-44E6-81D2-8EF6A9F8923B}.Debug|x64.Deploy.0 = Debug|x64
		{57FCE500-9289-44E6-81D2-8EF6A9F8923B}.Debug|x86.ActiveCfg = Debug|x86
		{57FCE500-9289-44E6-81D2-8EF6A9F8923B}.Debug|x86.Build.0 = Debug|x86
		{57FCE500-9289-44E6-81D2-8EF6A9F8923B}.Debug|x86.Deploy.0 = Debug|x86
		{57FCE500-9289-44E6-81D2-8EF6A9F8923B}.Release|Any CPU.ActiveCfg = Release|x86
		{57FCE500-9289-44E6-81D2-8EF6A9F8923B}.Release|Any CPU.Build.0 = Release|x86
		{57FCE500-9289-44E6-81D2-8EF6A9F8923B}.Release|Any CPU.Deploy.0 = Release|x86
		{57FCE500-9289-44E6-81D2-8EF6A9F8923B}.Release|ARM.ActiveCfg = Release|ARM
		{57FCE500-9289-44E6-81D2-8EF6A9F8923B}.Release|ARM.Build.0 = Release|ARM
		{57FCE500-9289-44E6-81D2-8EF6A9F8923B}.Release|ARM.Deploy.0 = Release|ARM
		{57FCE500-9289-44E6-81D2-8EF6A9F8923B}.Release|iPhone.ActiveCfg = Release|x86
		{57FCE500-9289-44E6-81D2-8EF6A9F8923B}.Release|iPhone.Build.0 = Release|x86
		{57FCE500-9289-44E6-81D2-8EF6A9F8923B}.Release|iPhone.Deploy.0 = Release|x86
		{57FCE500-9289-44E6-81D2-8EF6A9F8923B}.Release|iPhoneSimulator.ActiveCfg = Release|x86
		{57FCE500-9289-44E6-81D2-8EF6A9F8923B}.Release|iPhoneSimulator.Build.0 = Release|x86
		{57FCE500-9289-44E6-81D2-8EF6A9F8923B}.Release|iPhoneSimulator.Deploy.0 = Release|x86
		{57FCE500-9289-44E6-81D2-8EF6A9F8923B}.Release|x64.ActiveCfg = Release|x64
		{57FCE500-9289-44E6-81D2-8EF6A9F8923B}.Release|x64.Build.0 = Release|x64
		{57FCE500-9289-44E6-81D2-8EF6A9F8923B}.Release|x64.Deploy.0 = Release|x64
		{57FCE500-9289-44E6-81D2-8EF6A9F8923B}.Release|x86.ActiveCfg = Release|x86
		{57FCE500-9289-44E6-81D2-8EF6A9F8923B}.Release|x86.Build.0 = Release|x86
		{57FCE500-9289-44E6-81D2-8EF6A9F8923B}.Release|x86.Deploy.0 = Release|x86
		{9EFDDA3A-9E8C-48D3-B51A-959D38218DFB}.Ad-Hoc|Any CPU.ActiveCfg = Release|Any CPU
		{9EFDDA3A-9E8C-48D3-B51A-959D38218DFB}.Ad-Hoc|Any CPU.Build.0 = Release|Any CPU
		{9EFDDA3A-9E8C-48D3-B51A-959D38218DFB}.Ad-Hoc|ARM.ActiveCfg = Release|Any CPU
		{9EFDDA3A-9E8C-48D3-B51A-959D38218DFB}.Ad-Hoc|ARM.Build.0 = Release|Any CPU
		{9EFDDA3A-9E8C-48D3-B51A-959D38218DFB}.Ad-Hoc|iPhone.ActiveCfg = Release|Any CPU
		{9EFDDA3A-9E8C-48D3-B51A-959D38218DFB}.Ad-Hoc|iPhone.Build.0 = Release|Any CPU
		{9EFDDA3A-9E8C-48D3-B51A-959D38218DFB}.Ad-Hoc|iPhoneSimulator.ActiveCfg = Release|Any CPU
		{9EFDDA3A-9E8C-48D3-B51A-959D38218DFB}.Ad-Hoc|iPhoneSimulator.Build.0 = Release|Any CPU
		{9EFDDA3A-9E8C-48D3-B51A-959D38218DFB}.Ad-Hoc|x64.ActiveCfg = Release|Any CPU
		{9EFDDA3A-9E8C-48D3-B51A-959D38218DFB}.Ad-Hoc|x64.Build.0 = Release|Any CPU
		{9EFDDA3A-9E8C-48D3-B51A-959D38218DFB}.Ad-Hoc|x86.ActiveCfg = Release|Any CPU
		{9EFDDA3A-9E8C-48D3-B51A-959D38218DFB}.Ad-Hoc|x86.Build.0 = Release|Any CPU
		{9EFDDA3A-9E8C-48D3-B51A-959D38218DFB}.AppStore|Any CPU.ActiveCfg = Release|Any CPU
		{9EFDDA3A-9E8C-48D3-B51A-959D38218DFB}.AppStore|Any CPU.Build.0 = Release|Any CPU
		{9EFDDA3A-9E8C-48D3-B51A-959D38218DFB}.AppStore|ARM.ActiveCfg = Release|Any CPU
		{9EFDDA3A-9E8C-48D3-B51A-959D38218DFB}.AppStore|ARM.Build.0 = Release|Any CPU
		{9EFDDA3A-9E8C-48D3-B51A-959D38218DFB}.AppStore|iPhone.ActiveCfg = Release|Any CPU
		{9EFDDA3A-9E8C-48D3-B51A-959D38218DFB}.AppStore|iPhone.Build.0 = Release|Any CPU
		{9EFDDA3A-9E8C-48D3-B51A-959D38218DFB}.AppStore|iPhoneSimulator.ActiveCfg = Release|Any CPU
		{9EFDDA3A-9E8C-48D3-B51A-959D38218DFB}.AppStore|iPhoneSimulator.Build.0 = Release|Any CPU
		{9EFDDA3A-9E8C-48D3-B51A-959D38218DFB}.AppStore|x64.ActiveCfg = Release|Any CPU
		{9EFDDA3A-9E8C-48D3-B51A-959D38218DFB}.AppStore|x64.Build.0 = Release|Any CPU
		{9EFDDA3A-9E8C-48D3-B51A-959D38218DFB}.AppStore|x86.ActiveCfg = Release|Any CPU
		{9EFDDA3A-9E8C-48D3-B51A-959D38218DFB}.AppStore|x86.Build.0 = Release|Any CPU
		{9EFDDA3A-9E8C-48D3-B51A-959D38218DFB}.Debug|Any CPU.ActiveCfg = Debug|Any CPU
		{9EFDDA3A-9E8C-48D3-B51A-959D38218DFB}.Debug|Any CPU.Build.0 = Debug|Any CPU
		{9EFDDA3A-9E8C-48D3-B51A-959D38218DFB}.Debug|ARM.ActiveCfg = Debug|Any CPU
		{9EFDDA3A-9E8C-48D3-B51A-959D38218DFB}.Debug|ARM.Build.0 = Debug|Any CPU
		{9EFDDA3A-9E8C-48D3-B51A-959D38218DFB}.Debug|iPhone.ActiveCfg = Debug|Any CPU
		{9EFDDA3A-9E8C-48D3-B51A-959D38218DFB}.Debug|iPhone.Build.0 = Debug|Any CPU
		{9EFDDA3A-9E8C-48D3-B51A-959D38218DFB}.Debug|iPhoneSimulator.ActiveCfg = Debug|Any CPU
		{9EFDDA3A-9E8C-48D3-B51A-959D38218DFB}.Debug|iPhoneSimulator.Build.0 = Debug|Any CPU
		{9EFDDA3A-9E8C-48D3-B51A-959D38218DFB}.Debug|x64.ActiveCfg = Debug|Any CPU
		{9EFDDA3A-9E8C-48D3-B51A-959D38218DFB}.Debug|x64.Build.0 = Debug|Any CPU
		{9EFDDA3A-9E8C-48D3-B51A-959D38218DFB}.Debug|x86.ActiveCfg = Debug|Any CPU
		{9EFDDA3A-9E8C-48D3-B51A-959D38218DFB}.Debug|x86.Build.0 = Debug|Any CPU
		{9EFDDA3A-9E8C-48D3-B51A-959D38218DFB}.Release|Any CPU.ActiveCfg = Release|Any CPU
		{9EFDDA3A-9E8C-48D3-B51A-959D38218DFB}.Release|Any CPU.Build.0 = Release|Any CPU
		{9EFDDA3A-9E8C-48D3-B51A-959D38218DFB}.Release|ARM.ActiveCfg = Release|Any CPU
		{9EFDDA3A-9E8C-48D3-B51A-959D38218DFB}.Release|ARM.Build.0 = Release|Any CPU
		{9EFDDA3A-9E8C-48D3-B51A-959D38218DFB}.Release|iPhone.ActiveCfg = Release|Any CPU
		{9EFDDA3A-9E8C-48D3-B51A-959D38218DFB}.Release|iPhone.Build.0 = Release|Any CPU
		{9EFDDA3A-9E8C-48D3-B51A-959D38218DFB}.Release|iPhoneSimulator.ActiveCfg = Release|Any CPU
		{9EFDDA3A-9E8C-48D3-B51A-959D38218DFB}.Release|iPhoneSimulator.Build.0 = Release|Any CPU
		{9EFDDA3A-9E8C-48D3-B51A-959D38218DFB}.Release|x64.ActiveCfg = Release|Any CPU
		{9EFDDA3A-9E8C-48D3-B51A-959D38218DFB}.Release|x64.Build.0 = Release|Any CPU
		{9EFDDA3A-9E8C-48D3-B51A-959D38218DFB}.Release|x86.ActiveCfg = Release|Any CPU
		{9EFDDA3A-9E8C-48D3-B51A-959D38218DFB}.Release|x86.Build.0 = Release|Any CPU
		{85A74EE7-C801-4D18-93E3-D69012C0C3B9}.Ad-Hoc|Any CPU.ActiveCfg = Release|Any CPU
		{85A74EE7-C801-4D18-93E3-D69012C0C3B9}.Ad-Hoc|Any CPU.Build.0 = Release|Any CPU
		{85A74EE7-C801-4D18-93E3-D69012C0C3B9}.Ad-Hoc|ARM.ActiveCfg = Release|Any CPU
		{85A74EE7-C801-4D18-93E3-D69012C0C3B9}.Ad-Hoc|ARM.Build.0 = Release|Any CPU
		{85A74EE7-C801-4D18-93E3-D69012C0C3B9}.Ad-Hoc|iPhone.ActiveCfg = Release|Any CPU
		{85A74EE7-C801-4D18-93E3-D69012C0C3B9}.Ad-Hoc|iPhone.Build.0 = Release|Any CPU
		{85A74EE7-C801-4D18-93E3-D69012C0C3B9}.Ad-Hoc|iPhoneSimulator.ActiveCfg = Release|Any CPU
		{85A74EE7-C801-4D18-93E3-D69012C0C3B9}.Ad-Hoc|iPhoneSimulator.Build.0 = Release|Any CPU
		{85A74EE7-C801-4D18-93E3-D69012C0C3B9}.Ad-Hoc|x64.ActiveCfg = Release|Any CPU
		{85A74EE7-C801-4D18-93E3-D69012C0C3B9}.Ad-Hoc|x64.Build.0 = Release|Any CPU
		{85A74EE7-C801-4D18-93E3-D69012C0C3B9}.Ad-Hoc|x86.ActiveCfg = Release|Any CPU
		{85A74EE7-C801-4D18-93E3-D69012C0C3B9}.Ad-Hoc|x86.Build.0 = Release|Any CPU
		{85A74EE7-C801-4D18-93E3-D69012C0C3B9}.AppStore|Any CPU.ActiveCfg = Release|Any CPU
		{85A74EE7-C801-4D18-93E3-D69012C0C3B9}.AppStore|Any CPU.Build.0 = Release|Any CPU
		{85A74EE7-C801-4D18-93E3-D69012C0C3B9}.AppStore|ARM.ActiveCfg = Release|Any CPU
		{85A74EE7-C801-4D18-93E3-D69012C0C3B9}.AppStore|ARM.Build.0 = Release|Any CPU
		{85A74EE7-C801-4D18-93E3-D69012C0C3B9}.AppStore|iPhone.ActiveCfg = Release|Any CPU
		{85A74EE7-C801-4D18-93E3-D69012C0C3B9}.AppStore|iPhone.Build.0 = Release|Any CPU
		{85A74EE7-C801-4D18-93E3-D69012C0C3B9}.AppStore|iPhoneSimulator.ActiveCfg = Release|Any CPU
		{85A74EE7-C801-4D18-93E3-D69012C0C3B9}.AppStore|iPhoneSimulator.Build.0 = Release|Any CPU
		{85A74EE7-C801-4D18-93E3-D69012C0C3B9}.AppStore|x64.ActiveCfg = Release|Any CPU
		{85A74EE7-C801-4D18-93E3-D69012C0C3B9}.AppStore|x64.Build.0 = Release|Any CPU
		{85A74EE7-C801-4D18-93E3-D69012C0C3B9}.AppStore|x86.ActiveCfg = Release|Any CPU
		{85A74EE7-C801-4D18-93E3-D69012C0C3B9}.AppStore|x86.Build.0 = Release|Any CPU
		{85A74EE7-C801-4D18-93E3-D69012C0C3B9}.Debug|Any CPU.ActiveCfg = Debug|Any CPU
		{85A74EE7-C801-4D18-93E3-D69012C0C3B9}.Debug|Any CPU.Build.0 = Debug|Any CPU
		{85A74EE7-C801-4D18-93E3-D69012C0C3B9}.Debug|ARM.ActiveCfg = Debug|Any CPU
		{85A74EE7-C801-4D18-93E3-D69012C0C3B9}.Debug|ARM.Build.0 = Debug|Any CPU
		{85A74EE7-C801-4D18-93E3-D69012C0C3B9}.Debug|iPhone.ActiveCfg = Debug|Any CPU
		{85A74EE7-C801-4D18-93E3-D69012C0C3B9}.Debug|iPhone.Build.0 = Debug|Any CPU
		{85A74EE7-C801-4D18-93E3-D69012C0C3B9}.Debug|iPhoneSimulator.ActiveCfg = Debug|Any CPU
		{85A74EE7-C801-4D18-93E3-D69012C0C3B9}.Debug|iPhoneSimulator.Build.0 = Debug|Any CPU
		{85A74EE7-C801-4D18-93E3-D69012C0C3B9}.Debug|x64.ActiveCfg = Debug|Any CPU
		{85A74EE7-C801-4D18-93E3-D69012C0C3B9}.Debug|x64.Build.0 = Debug|Any CPU
		{85A74EE7-C801-4D18-93E3-D69012C0C3B9}.Debug|x86.ActiveCfg = Debug|Any CPU
		{85A74EE7-C801-4D18-93E3-D69012C0C3B9}.Debug|x86.Build.0 = Debug|Any CPU
		{85A74EE7-C801-4D18-93E3-D69012C0C3B9}.Release|Any CPU.ActiveCfg = Release|Any CPU
		{85A74EE7-C801-4D18-93E3-D69012C0C3B9}.Release|Any CPU.Build.0 = Release|Any CPU
		{85A74EE7-C801-4D18-93E3-D69012C0C3B9}.Release|ARM.ActiveCfg = Release|Any CPU
		{85A74EE7-C801-4D18-93E3-D69012C0C3B9}.Release|ARM.Build.0 = Release|Any CPU
		{85A74EE7-C801-4D18-93E3-D69012C0C3B9}.Release|iPhone.ActiveCfg = Release|Any CPU
		{85A74EE7-C801-4D18-93E3-D69012C0C3B9}.Release|iPhone.Build.0 = Release|Any CPU
		{85A74EE7-C801-4D18-93E3-D69012C0C3B9}.Release|iPhoneSimulator.ActiveCfg = Release|Any CPU
		{85A74EE7-C801-4D18-93E3-D69012C0C3B9}.Release|iPhoneSimulator.Build.0 = Release|Any CPU
		{85A74EE7-C801-4D18-93E3-D69012C0C3B9}.Release|x64.ActiveCfg = Release|Any CPU
		{85A74EE7-C801-4D18-93E3-D69012C0C3B9}.Release|x64.Build.0 = Release|Any CPU
		{85A74EE7-C801-4D18-93E3-D69012C0C3B9}.Release|x86.ActiveCfg = Release|Any CPU
		{85A74EE7-C801-4D18-93E3-D69012C0C3B9}.Release|x86.Build.0 = Release|Any CPU
		{2C19DE9B-0DCB-441C-A5B2-EEEF4A1774B6}.Ad-Hoc|Any CPU.ActiveCfg = Release|Any CPU
		{2C19DE9B-0DCB-441C-A5B2-EEEF4A1774B6}.Ad-Hoc|Any CPU.Build.0 = Release|Any CPU
		{2C19DE9B-0DCB-441C-A5B2-EEEF4A1774B6}.Ad-Hoc|ARM.ActiveCfg = Release|Any CPU
		{2C19DE9B-0DCB-441C-A5B2-EEEF4A1774B6}.Ad-Hoc|ARM.Build.0 = Release|Any CPU
		{2C19DE9B-0DCB-441C-A5B2-EEEF4A1774B6}.Ad-Hoc|iPhone.ActiveCfg = Release|Any CPU
		{2C19DE9B-0DCB-441C-A5B2-EEEF4A1774B6}.Ad-Hoc|iPhone.Build.0 = Release|Any CPU
		{2C19DE9B-0DCB-441C-A5B2-EEEF4A1774B6}.Ad-Hoc|iPhoneSimulator.ActiveCfg = Release|Any CPU
		{2C19DE9B-0DCB-441C-A5B2-EEEF4A1774B6}.Ad-Hoc|iPhoneSimulator.Build.0 = Release|Any CPU
		{2C19DE9B-0DCB-441C-A5B2-EEEF4A1774B6}.Ad-Hoc|x64.ActiveCfg = Release|Any CPU
		{2C19DE9B-0DCB-441C-A5B2-EEEF4A1774B6}.Ad-Hoc|x64.Build.0 = Release|Any CPU
		{2C19DE9B-0DCB-441C-A5B2-EEEF4A1774B6}.Ad-Hoc|x86.ActiveCfg = Release|Any CPU
		{2C19DE9B-0DCB-441C-A5B2-EEEF4A1774B6}.Ad-Hoc|x86.Build.0 = Release|Any CPU
		{2C19DE9B-0DCB-441C-A5B2-EEEF4A1774B6}.AppStore|Any CPU.ActiveCfg = Release|Any CPU
		{2C19DE9B-0DCB-441C-A5B2-EEEF4A1774B6}.AppStore|Any CPU.Build.0 = Release|Any CPU
		{2C19DE9B-0DCB-441C-A5B2-EEEF4A1774B6}.AppStore|ARM.ActiveCfg = Release|Any CPU
		{2C19DE9B-0DCB-441C-A5B2-EEEF4A1774B6}.AppStore|ARM.Build.0 = Release|Any CPU
		{2C19DE9B-0DCB-441C-A5B2-EEEF4A1774B6}.AppStore|iPhone.ActiveCfg = Release|Any CPU
		{2C19DE9B-0DCB-441C-A5B2-EEEF4A1774B6}.AppStore|iPhone.Build.0 = Release|Any CPU
		{2C19DE9B-0DCB-441C-A5B2-EEEF4A1774B6}.AppStore|iPhoneSimulator.ActiveCfg = Release|Any CPU
		{2C19DE9B-0DCB-441C-A5B2-EEEF4A1774B6}.AppStore|iPhoneSimulator.Build.0 = Release|Any CPU
		{2C19DE9B-0DCB-441C-A5B2-EEEF4A1774B6}.AppStore|x64.ActiveCfg = Release|Any CPU
		{2C19DE9B-0DCB-441C-A5B2-EEEF4A1774B6}.AppStore|x64.Build.0 = Release|Any CPU
		{2C19DE9B-0DCB-441C-A5B2-EEEF4A1774B6}.AppStore|x86.ActiveCfg = Release|Any CPU
		{2C19DE9B-0DCB-441C-A5B2-EEEF4A1774B6}.AppStore|x86.Build.0 = Release|Any CPU
		{2C19DE9B-0DCB-441C-A5B2-EEEF4A1774B6}.Debug|Any CPU.ActiveCfg = Debug|Any CPU
		{2C19DE9B-0DCB-441C-A5B2-EEEF4A1774B6}.Debug|Any CPU.Build.0 = Debug|Any CPU
		{2C19DE9B-0DCB-441C-A5B2-EEEF4A1774B6}.Debug|ARM.ActiveCfg = Debug|Any CPU
		{2C19DE9B-0DCB-441C-A5B2-EEEF4A1774B6}.Debug|ARM.Build.0 = Debug|Any CPU
		{2C19DE9B-0DCB-441C-A5B2-EEEF4A1774B6}.Debug|iPhone.ActiveCfg = Debug|Any CPU
		{2C19DE9B-0DCB-441C-A5B2-EEEF4A1774B6}.Debug|iPhone.Build.0 = Debug|Any CPU
		{2C19DE9B-0DCB-441C-A5B2-EEEF4A1774B6}.Debug|iPhoneSimulator.ActiveCfg = Debug|Any CPU
		{2C19DE9B-0DCB-441C-A5B2-EEEF4A1774B6}.Debug|iPhoneSimulator.Build.0 = Debug|Any CPU
		{2C19DE9B-0DCB-441C-A5B2-EEEF4A1774B6}.Debug|x64.ActiveCfg = Debug|Any CPU
		{2C19DE9B-0DCB-441C-A5B2-EEEF4A1774B6}.Debug|x64.Build.0 = Debug|Any CPU
		{2C19DE9B-0DCB-441C-A5B2-EEEF4A1774B6}.Debug|x86.ActiveCfg = Debug|Any CPU
		{2C19DE9B-0DCB-441C-A5B2-EEEF4A1774B6}.Debug|x86.Build.0 = Debug|Any CPU
		{2C19DE9B-0DCB-441C-A5B2-EEEF4A1774B6}.Release|Any CPU.ActiveCfg = Release|Any CPU
		{2C19DE9B-0DCB-441C-A5B2-EEEF4A1774B6}.Release|Any CPU.Build.0 = Release|Any CPU
		{2C19DE9B-0DCB-441C-A5B2-EEEF4A1774B6}.Release|ARM.ActiveCfg = Release|Any CPU
		{2C19DE9B-0DCB-441C-A5B2-EEEF4A1774B6}.Release|ARM.Build.0 = Release|Any CPU
		{2C19DE9B-0DCB-441C-A5B2-EEEF4A1774B6}.Release|iPhone.ActiveCfg = Release|Any CPU
		{2C19DE9B-0DCB-441C-A5B2-EEEF4A1774B6}.Release|iPhone.Build.0 = Release|Any CPU
		{2C19DE9B-0DCB-441C-A5B2-EEEF4A1774B6}.Release|iPhoneSimulator.ActiveCfg = Release|Any CPU
		{2C19DE9B-0DCB-441C-A5B2-EEEF4A1774B6}.Release|iPhoneSimulator.Build.0 = Release|Any CPU
		{2C19DE9B-0DCB-441C-A5B2-EEEF4A1774B6}.Release|x64.ActiveCfg = Release|Any CPU
		{2C19DE9B-0DCB-441C-A5B2-EEEF4A1774B6}.Release|x64.Build.0 = Release|Any CPU
		{2C19DE9B-0DCB-441C-A5B2-EEEF4A1774B6}.Release|x86.ActiveCfg = Release|Any CPU
		{2C19DE9B-0DCB-441C-A5B2-EEEF4A1774B6}.Release|x86.Build.0 = Release|Any CPU
	EndGlobalSection
	GlobalSection(SolutionProperties) = preSolution
		HideSolutionNode = FALSE
	EndGlobalSection
	GlobalSection(ExtensibilityGlobals) = postSolution
		SolutionGuid = {D031B25D-39E2-439D-A2A0-E59A2631D147}
	EndGlobalSection
EndGlobal
